
Microsoft Visual Studio Solution File, Format Version 12.00
# Visual Studio Version 17
VisualStudioVersion = 17.13.35931.197 d17.13
MinimumVisualStudioVersion = 10.0.40219.1
Project("{8BC9CEB8-8B4A-11D0-8D11-00A0C91BC942}") = "lab1", "lab1\lab1.vcxproj", "{AFBC3FFC-CDAB-4687-B3CD-78211C866536}"
EndProject
Project("{8BC9CEB8-8B4A-11D0-8D11-00A0C91BC942}") = "lab1.2", "lab1.2\lab1.2.vcxproj", "{0992674F-0137-44CA-A980-26A5FF41D23B}"
EndProject
Project("{8BC9CEB8-8B4A-11D0-8D11-00A0C91BC942}") = "lab1.3", "lab1.3\lab1.3.vcxproj", "{EB850E60-8909-4871-ADC2-753D02D6CAFB}"
EndProject
Project("{8BC9CEB8-8B4A-11D0-8D11-00A0C91BC942}") = "lab1.4", "lab1.4\lab1.4.vcxproj", "{3781172F-4C17-466F-82D0-8FD0587C1A6F}"
EndProject
Project("{8BC9CEB8-8B4A-11D0-8D11-00A0C91BC942}") = "lab1.5", "lab1.5\lab1.5.vcxproj", "{BE6CB40A-8C22-4D10-97EF-71FEA6D4F9CB}"
EndProject
Global
	GlobalSection(SolutionConfigurationPlatforms) = preSolution
		Debug|x64 = Debug|x64
		Debug|x86 = Debug|x86
		Release|x64 = Release|x64
		Release|x86 = Release|x86
	EndGlobalSection
	GlobalSection(ProjectConfigurationPlatforms) = postSolution
		{AFBC3FFC-CDAB-4687-B3CD-78211C866536}.Debug|x64.ActiveCfg = Debug|x64
		{AFBC3FFC-CDAB-4687-B3CD-78211C866536}.Debug|x64.Build.0 = Debug|x64
		{AFBC3FFC-CDAB-4687-B3CD-78211C866536}.Debug|x86.ActiveCfg = Debug|Win32
		{AFBC3FFC-CDAB-4687-B3CD-78211C866536}.Debug|x86.Build.0 = Debug|Win32
		{AFBC3FFC-CDAB-4687-B3CD-78211C866536}.Release|x64.ActiveCfg = Release|x64
		{AFBC3FFC-CDAB-4687-B3CD-78211C866536}.Release|x64.Build.0 = Release|x64
		{AFBC3FFC-CDAB-4687-B3CD-78211C866536}.Release|x86.ActiveCfg = Release|Win32
		{AFBC3FFC-CDAB-4687-B3CD-78211C866536}.Release|x86.Build.0 = Release|Win32
		{0992674F-0137-44CA-A980-26A5FF41D23B}.Debug|x64.ActiveCfg = Debug|x64
		{0992674F-0137-44CA-A980-26A5FF41D23B}.Debug|x64.Build.0 = Debug|x64
		{0992674F-0137-44CA-A980-26A5FF41D23B}.Debug|x86.ActiveCfg = Debug|Win32
		{0992674F-0137-44CA-A980-26A5FF41D23B}.Debug|x86.Build.0 = Debug|Win32
		{0992674F-0137-44CA-A980-26A5FF41D23B}.Release|x64.ActiveCfg = Release|x64
		{0992674F-0137-44CA-A980-26A5FF41D23B}.Release|x64.Build.0 = Release|x64
		{0992674F-0137-44CA-A980-26A5FF41D23B}.Release|x86.ActiveCfg = Release|Win32
		{0992674F-0137-44CA-A980-26A5FF41D23B}.Release|x86.Build.0 = Release|Win32
		{EB850E60-8909-4871-ADC2-753D02D6CAFB}.Debug|x64.ActiveCfg = Debug|x64
		{EB850E60-8909-4871-ADC2-753D02D6CAFB}.Debug|x64.Build.0 = Debug|x64
		{EB850E60-8909-4871-ADC2-753D02D6CAFB}.Debug|x86.ActiveCfg = Debug|Win32
		{EB850E60-8909-4871-ADC2-753D02D6CAFB}.Debug|x86.Build.0 = Debug|Win32
		{EB850E60-8909-4871-ADC2-753D02D6CAFB}.Release|x64.ActiveCfg = Release|x64
		{EB850E60-8909-4871-ADC2-753D02D6CAFB}.Release|x64.Build.0 = Release|x64
		{EB850E60-8909-4871-ADC2-753D02D6CAFB}.Release|x86.ActiveCfg = Release|Win32
		{EB850E60-8909-4871-ADC2-753D02D6CAFB}.Release|x86.Build.0 = Release|Win32
		{3781172F-4C17-466F-82D0-8FD0587C1A6F}.Debug|x64.ActiveCfg = Debug|x64
		{3781172F-4C17-466F-82D0-8FD0587C1A6F}.Debug|x64.Build.0 = Debug|x64
		{3781172F-4C17-466F-82D0-8FD0587C1A6F}.Debug|x86.ActiveCfg = Debug|Win32
		{3781172F-4C17-466F-82D0-8FD0587C1A6F}.Debug|x86.Build.0 = Debug|Win32
		{3781172F-4C17-466F-82D0-8FD0587C1A6F}.Release|x64.ActiveCfg = Release|x64
		{3781172F-4C17-466F-82D0-8FD0587C1A6F}.Release|x64.Build.0 = Release|x64
		{3781172F-4C17-466F-82D0-8FD0587C1A6F}.Release|x86.ActiveCfg = Release|Win32
		{3781172F-4C17-466F-82D0-8FD0587C1A6F}.Release|x86.Build.0 = Release|Win32
		{BE6CB40A-8C22-4D10-97EF-71FEA6D4F9CB}.Debug|x64.ActiveCfg = Debug|x64
		{BE6CB40A-8C22-4D10-97EF-71FEA6D4F9CB}.Debug|x64.Build.0 = Debug|x64
		{BE6CB40A-8C22-4D10-97EF-71FEA6D4F9CB}.Debug|x86.ActiveCfg = Debug|Win32
		{BE6CB40A-8C22-4D10-97EF-71FEA6D4F9CB}.Debug|x86.Build.0 = Debug|Win32
		{BE6CB40A-8C22-4D10-97EF-71FEA6D4F9CB}.Release|x64.ActiveCfg = Release|x64
		{BE6CB40A-8C22-4D10-97EF-71FEA6D4F9CB}.Release|x64.Build.0 = Release|x64
		{BE6CB40A-8C22-4D10-97EF-71FEA6D4F9CB}.Release|x86.ActiveCfg = Release|Win32
		{BE6CB40A-8C22-4D10-97EF-71FEA6D4F9CB}.Release|x86.Build.0 = Release|Win32
	EndGlobalSection
	GlobalSection(SolutionProperties) = preSolution
		HideSolutionNode = FALSE
	EndGlobalSection
	GlobalSection(ExtensibilityGlobals) = postSolution
		SolutionGuid = {506AB8CE-CCB3-48C4-9ACF-772FB6707B22}
	EndGlobalSection
EndGlobal
